// !$*UTF8*$!
{
	archiveVersion = 1;
	classes = {
	};
	objectVersion = 51;
	objects = {

/* Begin PBXBuildFile section */
		028AB6FF1731B39E70B37D56 /* libPods-myListMovie_PucMinasTests.a in Frameworks */ = {isa = PBXBuildFile; fileRef = 3B96AAD1DF051E1ECC5AE155 /* libPods-myListMovie_PucMinasTests.a */; };
		0B22ECA3586D5418AD60F657 /* Pods_myListMovie_PucMinas.framework in Frameworks */ = {isa = PBXBuildFile; fileRef = 023B156FBE52C12F7549A16A /* Pods_myListMovie_PucMinas.framework */; };
		695A529DB683AA40CFA42E68 /* libPods-myListMovie_PucMinasUITests.a in Frameworks */ = {isa = PBXBuildFile; fileRef = 84255448B1C007C7937685F5 /* libPods-myListMovie_PucMinasUITests.a */; };
		8422326528AEF6040091804D /* StringExtensions.swift in Sources */ = {isa = PBXBuildFile; fileRef = 8422326428AEF6040091804D /* StringExtensions.swift */; };
		8422327228AEF7D50091804D /* MarvelService.swift in Sources */ = {isa = PBXBuildFile; fileRef = 8422327128AEF7D50091804D /* MarvelService.swift */; };
		8422327728AEFA600091804D /* MarvelCharactersResult.swift in Sources */ = {isa = PBXBuildFile; fileRef = 8422327628AEFA600091804D /* MarvelCharactersResult.swift */; };
		8422327C28AEFB840091804D /* MarvelData.swift in Sources */ = {isa = PBXBuildFile; fileRef = 8422327B28AEFB840091804D /* MarvelData.swift */; };
		8422328128AEFC390091804D /* MarvelCharacter.swift in Sources */ = {isa = PBXBuildFile; fileRef = 8422328028AEFC390091804D /* MarvelCharacter.swift */; };
		8422328628AF01920091804D /* Thumbnail.swift in Sources */ = {isa = PBXBuildFile; fileRef = 8422328528AF01920091804D /* Thumbnail.swift */; };
		8422328B28AF086A0091804D /* ThumbnailType.swift in Sources */ = {isa = PBXBuildFile; fileRef = 8422328A28AF086A0091804D /* ThumbnailType.swift */; };
		8422329028AF0BA00091804D /* Comics.swift in Sources */ = {isa = PBXBuildFile; fileRef = 8422328F28AF0BA00091804D /* Comics.swift */; };
		8422329528AF0C3B0091804D /* Resource.swift in Sources */ = {isa = PBXBuildFile; fileRef = 8422329428AF0C3B0091804D /* Resource.swift */; };
		8422329A28AF0CE00091804D /* Series.swift in Sources */ = {isa = PBXBuildFile; fileRef = 8422329928AF0CE00091804D /* Series.swift */; };
		8422329F28AF0D510091804D /* Stories.swift in Sources */ = {isa = PBXBuildFile; fileRef = 8422329E28AF0D510091804D /* Stories.swift */; };
		842232A428AF0E0D0091804D /* Events.swift in Sources */ = {isa = PBXBuildFile; fileRef = 842232A328AF0E0D0091804D /* Events.swift */; };
		842232A928AF0E5A0091804D /* MarvelUrl.swift in Sources */ = {isa = PBXBuildFile; fileRef = 842232A828AF0E5A0091804D /* MarvelUrl.swift */; };
		842232AE28AF11010091804D /* ListaViewModel.swift in Sources */ = {isa = PBXBuildFile; fileRef = 842232AD28AF11010091804D /* ListaViewModel.swift */; };
		842232B328AF12DA0091804D /* ListaCellViewModel.swift in Sources */ = {isa = PBXBuildFile; fileRef = 842232B228AF12DA0091804D /* ListaCellViewModel.swift */; };
		842232B828AF14F10091804D /* ListaDetailViewModel.swift in Sources */ = {isa = PBXBuildFile; fileRef = 842232B728AF14F10091804D /* ListaDetailViewModel.swift */; };
		84B8429428ADBA49004BEFD0 /* AppDelegate.swift in Sources */ = {isa = PBXBuildFile; fileRef = 84B8429328ADBA49004BEFD0 /* AppDelegate.swift */; };
		84B8429628ADBA49004BEFD0 /* SceneDelegate.swift in Sources */ = {isa = PBXBuildFile; fileRef = 84B8429528ADBA49004BEFD0 /* SceneDelegate.swift */; };
		84B8429D28ADBA4E004BEFD0 /* Assets.xcassets in Resources */ = {isa = PBXBuildFile; fileRef = 84B8429C28ADBA4E004BEFD0 /* Assets.xcassets */; };
		84B842AB28ADBA4E004BEFD0 /* myListMovie_PucMinasTests.swift in Sources */ = {isa = PBXBuildFile; fileRef = 84B842AA28ADBA4E004BEFD0 /* myListMovie_PucMinasTests.swift */; };
		84B842B628ADBA4E004BEFD0 /* myListMovie_PucMinasUITests.swift in Sources */ = {isa = PBXBuildFile; fileRef = 84B842B528ADBA4E004BEFD0 /* myListMovie_PucMinasUITests.swift */; };
		84B842E528ADC5DD004BEFD0 /* ApiParams.swift in Sources */ = {isa = PBXBuildFile; fileRef = 84B842E428ADC5DD004BEFD0 /* ApiParams.swift */; };
		84B842EA28ADCF5E004BEFD0 /* HashGenerator.swift in Sources */ = {isa = PBXBuildFile; fileRef = 84B842E928ADCF5E004BEFD0 /* HashGenerator.swift */; };
		84B842EF28ADD1C8004BEFD0 /* ApiConfiguration.json in Resources */ = {isa = PBXBuildFile; fileRef = 84B842EE28ADD1C8004BEFD0 /* ApiConfiguration.json */; };
		84B842F428ADD1F8004BEFD0 /* ApiConfiguration.swift in Sources */ = {isa = PBXBuildFile; fileRef = 84B842F328ADD1F8004BEFD0 /* ApiConfiguration.swift */; };
		8616C07B28B91CCA0034D793 /* ListaDetailViewController.swift in Sources */ = {isa = PBXBuildFile; fileRef = 869E276828B80B01003B3ED9 /* ListaDetailViewController.swift */; };
		8616C07E28B91E0B0034D793 /* LaunchScreen.storyboard in Resources */ = {isa = PBXBuildFile; fileRef = 8616C07C28B91E0A0034D793 /* LaunchScreen.storyboard */; };
		8616C07F28B91E0B0034D793 /* Main.storyboard in Resources */ = {isa = PBXBuildFile; fileRef = 8616C07D28B91E0B0034D793 /* Main.storyboard */; };
		8616C08328B939B80034D793 /* UIViewExtensions.swift in Sources */ = {isa = PBXBuildFile; fileRef = 8616C08028B939B70034D793 /* UIViewExtensions.swift */; };
		8616C08428B939B80034D793 /* UIImageExtensions.swift in Sources */ = {isa = PBXBuildFile; fileRef = 8616C08128B939B70034D793 /* UIImageExtensions.swift */; };
		8616C08528B939B80034D793 /* UIImageViewExtensions.swift in Sources */ = {isa = PBXBuildFile; fileRef = 8616C08228B939B70034D793 /* UIImageViewExtensions.swift */; };
		8625AF8C28BFFDE900AABC63 /* StringExtensionsTest.swift in Sources */ = {isa = PBXBuildFile; fileRef = 8625AF8B28BFFDE900AABC63 /* StringExtensionsTest.swift */; };
		8625AF8E28C0010800AABC63 /* UIImageExtensionsTest.swift in Sources */ = {isa = PBXBuildFile; fileRef = 8625AF8D28C0010800AABC63 /* UIImageExtensionsTest.swift */; };
		8625AF9028C0014B00AABC63 /* UIViewExtensionsTest.swift in Sources */ = {isa = PBXBuildFile; fileRef = 8625AF8F28C0014B00AABC63 /* UIViewExtensionsTest.swift */; };
		8625AF9228C0018900AABC63 /* MarvelCharacterTest.swift in Sources */ = {isa = PBXBuildFile; fileRef = 8625AF9128C0018900AABC63 /* MarvelCharacterTest.swift */; };
		8625AF9428C001EA00AABC63 /* ThumbnailTest.swift in Sources */ = {isa = PBXBuildFile; fileRef = 8625AF9328C001EA00AABC63 /* ThumbnailTest.swift */; };
		8625AF9628C0022500AABC63 /* HashGeneratorTest.swift in Sources */ = {isa = PBXBuildFile; fileRef = 8625AF9528C0022500AABC63 /* HashGeneratorTest.swift */; };
		869E276428B6B414003B3ED9 /* ListaCollectionViewCell.swift in Sources */ = {isa = PBXBuildFile; fileRef = 869E276328B6B413003B3ED9 /* ListaCollectionViewCell.swift */; };
		869E276B28B80B01003B3ED9 /* ListaCollectionViewController.swift in Sources */ = {isa = PBXBuildFile; fileRef = 869E276928B80B01003B3ED9 /* ListaCollectionViewController.swift */; };
/* End PBXBuildFile section */

/* Begin PBXContainerItemProxy section */
		84B842A728ADBA4E004BEFD0 /* PBXContainerItemProxy */ = {
			isa = PBXContainerItemProxy;
			containerPortal = 84B8428828ADBA49004BEFD0 /* Project object */;
			proxyType = 1;
			remoteGlobalIDString = 84B8428F28ADBA49004BEFD0;
			remoteInfo = myListMovie_PucMinas;
		};
		84B842B228ADBA4E004BEFD0 /* PBXContainerItemProxy */ = {
			isa = PBXContainerItemProxy;
			containerPortal = 84B8428828ADBA49004BEFD0 /* Project object */;
			proxyType = 1;
			remoteGlobalIDString = 84B8428F28ADBA49004BEFD0;
			remoteInfo = myListMovie_PucMinas;
		};
/* End PBXContainerItemProxy section */

/* Begin PBXFileReference section */
		023B156FBE52C12F7549A16A /* Pods_myListMovie_PucMinas.framework */ = {isa = PBXFileReference; explicitFileType = wrapper.framework; includeInIndex = 0; path = Pods_myListMovie_PucMinas.framework; sourceTree = BUILT_PRODUCTS_DIR; };
		19164D012C80ECFA43BFB32E /* Pods-myListMovie_PucMinasUITests.release.xcconfig */ = {isa = PBXFileReference; includeInIndex = 1; lastKnownFileType = text.xcconfig; name = "Pods-myListMovie_PucMinasUITests.release.xcconfig"; path = "Target Support Files/Pods-myListMovie_PucMinasUITests/Pods-myListMovie_PucMinasUITests.release.xcconfig"; sourceTree = "<group>"; };
		3B96AAD1DF051E1ECC5AE155 /* libPods-myListMovie_PucMinasTests.a */ = {isa = PBXFileReference; explicitFileType = archive.ar; includeInIndex = 0; path = "libPods-myListMovie_PucMinasTests.a"; sourceTree = BUILT_PRODUCTS_DIR; };
		8422326428AEF6040091804D /* StringExtensions.swift */ = {isa = PBXFileReference; lastKnownFileType = sourcecode.swift; name = StringExtensions.swift; path = /Users/fernandopereira/Documents/gitHub/myMovieList_pucMinas.git/myListMovie_PucMinas/Extensions/StringExtensions.swift; sourceTree = "<absolute>"; };
		8422327128AEF7D50091804D /* MarvelService.swift */ = {isa = PBXFileReference; lastKnownFileType = sourcecode.swift; path = MarvelService.swift; sourceTree = "<group>"; };
		8422327628AEFA600091804D /* MarvelCharactersResult.swift */ = {isa = PBXFileReference; lastKnownFileType = sourcecode.swift; path = MarvelCharactersResult.swift; sourceTree = "<group>"; };
		8422327B28AEFB840091804D /* MarvelData.swift */ = {isa = PBXFileReference; lastKnownFileType = sourcecode.swift; path = MarvelData.swift; sourceTree = "<group>"; };
		8422328028AEFC390091804D /* MarvelCharacter.swift */ = {isa = PBXFileReference; lastKnownFileType = sourcecode.swift; path = MarvelCharacter.swift; sourceTree = "<group>"; };
		8422328528AF01920091804D /* Thumbnail.swift */ = {isa = PBXFileReference; lastKnownFileType = sourcecode.swift; path = Thumbnail.swift; sourceTree = "<group>"; };
		8422328A28AF086A0091804D /* ThumbnailType.swift */ = {isa = PBXFileReference; lastKnownFileType = sourcecode.swift; path = ThumbnailType.swift; sourceTree = "<group>"; };
		8422328F28AF0BA00091804D /* Comics.swift */ = {isa = PBXFileReference; lastKnownFileType = sourcecode.swift; path = Comics.swift; sourceTree = "<group>"; };
		8422329428AF0C3B0091804D /* Resource.swift */ = {isa = PBXFileReference; lastKnownFileType = sourcecode.swift; path = Resource.swift; sourceTree = "<group>"; };
		8422329928AF0CE00091804D /* Series.swift */ = {isa = PBXFileReference; lastKnownFileType = sourcecode.swift; path = Series.swift; sourceTree = "<group>"; };
		8422329E28AF0D510091804D /* Stories.swift */ = {isa = PBXFileReference; lastKnownFileType = sourcecode.swift; path = Stories.swift; sourceTree = "<group>"; };
		842232A328AF0E0D0091804D /* Events.swift */ = {isa = PBXFileReference; lastKnownFileType = sourcecode.swift; path = Events.swift; sourceTree = "<group>"; };
		842232A828AF0E5A0091804D /* MarvelUrl.swift */ = {isa = PBXFileReference; lastKnownFileType = sourcecode.swift; path = MarvelUrl.swift; sourceTree = "<group>"; };
		842232AD28AF11010091804D /* ListaViewModel.swift */ = {isa = PBXFileReference; lastKnownFileType = sourcecode.swift; name = ListaViewModel.swift; path = /Users/fernandopereira/Documents/gitHub/myMovieList_pucMinas.git/myListMovie_PucMinas/Feactures/ViewModels/ListaViewModel.swift; sourceTree = "<absolute>"; };
		842232B228AF12DA0091804D /* ListaCellViewModel.swift */ = {isa = PBXFileReference; lastKnownFileType = sourcecode.swift; name = ListaCellViewModel.swift; path = /Users/fernandopereira/Documents/gitHub/myMovieList_pucMinas.git/myListMovie_PucMinas/Feactures/ViewModels/ListaCellViewModel.swift; sourceTree = "<absolute>"; };
		842232B728AF14F10091804D /* ListaDetailViewModel.swift */ = {isa = PBXFileReference; lastKnownFileType = sourcecode.swift; name = ListaDetailViewModel.swift; path = /Users/fernandopereira/Documents/gitHub/myMovieList_pucMinas.git/myListMovie_PucMinas/Feactures/ViewModels/ListaDetailViewModel.swift; sourceTree = "<absolute>"; };
		84255448B1C007C7937685F5 /* libPods-myListMovie_PucMinasUITests.a */ = {isa = PBXFileReference; explicitFileType = archive.ar; includeInIndex = 0; path = "libPods-myListMovie_PucMinasUITests.a"; sourceTree = BUILT_PRODUCTS_DIR; };
		84B8429028ADBA49004BEFD0 /* myListMovie_PucMinas.app */ = {isa = PBXFileReference; explicitFileType = wrapper.application; includeInIndex = 0; path = myListMovie_PucMinas.app; sourceTree = BUILT_PRODUCTS_DIR; };
		84B8429328ADBA49004BEFD0 /* AppDelegate.swift */ = {isa = PBXFileReference; lastKnownFileType = sourcecode.swift; name = AppDelegate.swift; path = /Users/fernandopereira/Documents/gitHub/myMovieList_pucMinas.git/myListMovie_PucMinas/Application/AppDelegate.swift; sourceTree = "<absolute>"; };
		84B8429528ADBA49004BEFD0 /* SceneDelegate.swift */ = {isa = PBXFileReference; lastKnownFileType = sourcecode.swift; name = SceneDelegate.swift; path = /Users/fernandopereira/Documents/gitHub/myMovieList_pucMinas.git/myListMovie_PucMinas/Application/SceneDelegate.swift; sourceTree = "<absolute>"; };
		84B8429C28ADBA4E004BEFD0 /* Assets.xcassets */ = {isa = PBXFileReference; lastKnownFileType = folder.assetcatalog; path = Assets.xcassets; sourceTree = "<group>"; };
		84B842A128ADBA4E004BEFD0 /* Info.plist */ = {isa = PBXFileReference; lastKnownFileType = text.plist.xml; path = Info.plist; sourceTree = "<group>"; };
		84B842A628ADBA4E004BEFD0 /* myListMovie_PucMinasTests.xctest */ = {isa = PBXFileReference; explicitFileType = wrapper.cfbundle; includeInIndex = 0; path = myListMovie_PucMinasTests.xctest; sourceTree = BUILT_PRODUCTS_DIR; };
		84B842AA28ADBA4E004BEFD0 /* myListMovie_PucMinasTests.swift */ = {isa = PBXFileReference; lastKnownFileType = sourcecode.swift; path = myListMovie_PucMinasTests.swift; sourceTree = "<group>"; };
		84B842AC28ADBA4E004BEFD0 /* Info.plist */ = {isa = PBXFileReference; lastKnownFileType = text.plist.xml; path = Info.plist; sourceTree = "<group>"; };
		84B842B128ADBA4E004BEFD0 /* myListMovie_PucMinasUITests.xctest */ = {isa = PBXFileReference; explicitFileType = wrapper.cfbundle; includeInIndex = 0; path = myListMovie_PucMinasUITests.xctest; sourceTree = BUILT_PRODUCTS_DIR; };
		84B842B528ADBA4E004BEFD0 /* myListMovie_PucMinasUITests.swift */ = {isa = PBXFileReference; lastKnownFileType = sourcecode.swift; path = myListMovie_PucMinasUITests.swift; sourceTree = "<group>"; };
		84B842B728ADBA4E004BEFD0 /* Info.plist */ = {isa = PBXFileReference; lastKnownFileType = text.plist.xml; path = Info.plist; sourceTree = "<group>"; };
		84B842E428ADC5DD004BEFD0 /* ApiParams.swift */ = {isa = PBXFileReference; lastKnownFileType = sourcecode.swift; path = ApiParams.swift; sourceTree = "<group>"; };
		84B842E928ADCF5E004BEFD0 /* HashGenerator.swift */ = {isa = PBXFileReference; lastKnownFileType = sourcecode.swift; path = HashGenerator.swift; sourceTree = "<group>"; };
		84B842EE28ADD1C8004BEFD0 /* ApiConfiguration.json */ = {isa = PBXFileReference; lastKnownFileType = text.json; path = ApiConfiguration.json; sourceTree = "<group>"; };
		84B842F328ADD1F8004BEFD0 /* ApiConfiguration.swift */ = {isa = PBXFileReference; lastKnownFileType = sourcecode.swift; path = ApiConfiguration.swift; sourceTree = "<group>"; };
		8616C07C28B91E0A0034D793 /* LaunchScreen.storyboard */ = {isa = PBXFileReference; fileEncoding = 4; lastKnownFileType = file.storyboard; name = LaunchScreen.storyboard; path = /Users/fernandopereira/Documents/gitHub/myMovieList_pucMinas.git/myListMovie_PucMinas/Feactures/Views/Base.Iproj/LaunchScreen.storyboard; sourceTree = "<absolute>"; };
		8616C07D28B91E0B0034D793 /* Main.storyboard */ = {isa = PBXFileReference; fileEncoding = 4; lastKnownFileType = file.storyboard; name = Main.storyboard; path = /Users/fernandopereira/Documents/gitHub/myMovieList_pucMinas.git/myListMovie_PucMinas/Feactures/Views/Base.Iproj/Main.storyboard; sourceTree = "<absolute>"; };
		8616C08028B939B70034D793 /* UIViewExtensions.swift */ = {isa = PBXFileReference; fileEncoding = 4; lastKnownFileType = sourcecode.swift; name = UIViewExtensions.swift; path = /Users/fernandopereira/Documents/gitHub/myMovieList_pucMinas.git/myListMovie_PucMinas/Extensions/UIViewExtensions.swift; sourceTree = "<absolute>"; };
		8616C08128B939B70034D793 /* UIImageExtensions.swift */ = {isa = PBXFileReference; fileEncoding = 4; lastKnownFileType = sourcecode.swift; name = UIImageExtensions.swift; path = /Users/fernandopereira/Documents/gitHub/myMovieList_pucMinas.git/myListMovie_PucMinas/Extensions/UIImageExtensions.swift; sourceTree = "<absolute>"; };
		8616C08228B939B70034D793 /* UIImageViewExtensions.swift */ = {isa = PBXFileReference; fileEncoding = 4; lastKnownFileType = sourcecode.swift; name = UIImageViewExtensions.swift; path = /Users/fernandopereira/Documents/gitHub/myMovieList_pucMinas.git/myListMovie_PucMinas/Extensions/UIImageViewExtensions.swift; sourceTree = "<absolute>"; };
		8625AF8B28BFFDE900AABC63 /* StringExtensionsTest.swift */ = {isa = PBXFileReference; lastKnownFileType = sourcecode.swift; path = StringExtensionsTest.swift; sourceTree = "<group>"; };
		8625AF8D28C0010800AABC63 /* UIImageExtensionsTest.swift */ = {isa = PBXFileReference; lastKnownFileType = sourcecode.swift; path = UIImageExtensionsTest.swift; sourceTree = "<group>"; };
		8625AF8F28C0014B00AABC63 /* UIViewExtensionsTest.swift */ = {isa = PBXFileReference; lastKnownFileType = sourcecode.swift; path = UIViewExtensionsTest.swift; sourceTree = "<group>"; };
		8625AF9128C0018900AABC63 /* MarvelCharacterTest.swift */ = {isa = PBXFileReference; lastKnownFileType = sourcecode.swift; path = MarvelCharacterTest.swift; sourceTree = "<group>"; };
		8625AF9328C001EA00AABC63 /* ThumbnailTest.swift */ = {isa = PBXFileReference; lastKnownFileType = sourcecode.swift; path = ThumbnailTest.swift; sourceTree = "<group>"; };
		8625AF9528C0022500AABC63 /* HashGeneratorTest.swift */ = {isa = PBXFileReference; lastKnownFileType = sourcecode.swift; path = HashGeneratorTest.swift; sourceTree = "<group>"; };
		869E276328B6B413003B3ED9 /* ListaCollectionViewCell.swift */ = {isa = PBXFileReference; lastKnownFileType = sourcecode.swift; name = ListaCollectionViewCell.swift; path = /Users/fernandopereira/Documents/gitHub/myMovieList_pucMinas.git/ListaCollectionViewCell.swift; sourceTree = "<absolute>"; };
		869E276828B80B01003B3ED9 /* ListaDetailViewController.swift */ = {isa = PBXFileReference; fileEncoding = 4; lastKnownFileType = sourcecode.swift; name = ListaDetailViewController.swift; path = /Users/fernandopereira/Documents/gitHub/myMovieList_pucMinas.git/myListMovie_PucMinas/Feactures/Views/Controllers/ListaDetailViewController.swift; sourceTree = "<absolute>"; };
		869E276928B80B01003B3ED9 /* ListaCollectionViewController.swift */ = {isa = PBXFileReference; fileEncoding = 4; lastKnownFileType = sourcecode.swift; name = ListaCollectionViewController.swift; path = /Users/fernandopereira/Documents/gitHub/myMovieList_pucMinas.git/myListMovie_PucMinas/Feactures/Views/Controllers/ListaCollectionViewController.swift; sourceTree = "<absolute>"; };
		880A0F97934BDF7BB59E92C4 /* Pods-myListMovie_PucMinasTests.release.xcconfig */ = {isa = PBXFileReference; includeInIndex = 1; lastKnownFileType = text.xcconfig; name = "Pods-myListMovie_PucMinasTests.release.xcconfig"; path = "Target Support Files/Pods-myListMovie_PucMinasTests/Pods-myListMovie_PucMinasTests.release.xcconfig"; sourceTree = "<group>"; };
		88FFA319AB583D510F137AA8 /* Pods-myListMovie_PucMinas.release.xcconfig */ = {isa = PBXFileReference; includeInIndex = 1; lastKnownFileType = text.xcconfig; name = "Pods-myListMovie_PucMinas.release.xcconfig"; path = "Target Support Files/Pods-myListMovie_PucMinas/Pods-myListMovie_PucMinas.release.xcconfig"; sourceTree = "<group>"; };
		9B425AFE416A41E1909FD4E9 /* Pods-myListMovie_PucMinas.debug.xcconfig */ = {isa = PBXFileReference; includeInIndex = 1; lastKnownFileType = text.xcconfig; name = "Pods-myListMovie_PucMinas.debug.xcconfig"; path = "Target Support Files/Pods-myListMovie_PucMinas/Pods-myListMovie_PucMinas.debug.xcconfig"; sourceTree = "<group>"; };
		A32EA1923E59DF7466DCB672 /* Pods-myListMovie_PucMinasUITests.debug.xcconfig */ = {isa = PBXFileReference; includeInIndex = 1; lastKnownFileType = text.xcconfig; name = "Pods-myListMovie_PucMinasUITests.debug.xcconfig"; path = "Target Support Files/Pods-myListMovie_PucMinasUITests/Pods-myListMovie_PucMinasUITests.debug.xcconfig"; sourceTree = "<group>"; };
		FDFCE39FCA972A02E1206365 /* Pods-myListMovie_PucMinasTests.debug.xcconfig */ = {isa = PBXFileReference; includeInIndex = 1; lastKnownFileType = text.xcconfig; name = "Pods-myListMovie_PucMinasTests.debug.xcconfig"; path = "Target Support Files/Pods-myListMovie_PucMinasTests/Pods-myListMovie_PucMinasTests.debug.xcconfig"; sourceTree = "<group>"; };
/* End PBXFileReference section */

/* Begin PBXFrameworksBuildPhase section */
		84B8428D28ADBA49004BEFD0 /* Frameworks */ = {
			isa = PBXFrameworksBuildPhase;
			buildActionMask = 2147483647;
			files = (
				0B22ECA3586D5418AD60F657 /* Pods_myListMovie_PucMinas.framework in Frameworks */,
			);
			runOnlyForDeploymentPostprocessing = 0;
		};
		84B842A328ADBA4E004BEFD0 /* Frameworks */ = {
			isa = PBXFrameworksBuildPhase;
			buildActionMask = 2147483647;
			files = (
				028AB6FF1731B39E70B37D56 /* libPods-myListMovie_PucMinasTests.a in Frameworks */,
			);
			runOnlyForDeploymentPostprocessing = 0;
		};
		84B842AE28ADBA4E004BEFD0 /* Frameworks */ = {
			isa = PBXFrameworksBuildPhase;
			buildActionMask = 2147483647;
			files = (
				695A529DB683AA40CFA42E68 /* libPods-myListMovie_PucMinasUITests.a in Frameworks */,
			);
			runOnlyForDeploymentPostprocessing = 0;
		};
/* End PBXFrameworksBuildPhase section */

/* Begin PBXGroup section */
		84B8428728ADBA49004BEFD0 = {
			isa = PBXGroup;
			children = (
				84B8429228ADBA49004BEFD0 /* myListMovie_PucMinas */,
				84B842A928ADBA4E004BEFD0 /* myListMovie_PucMinasTests */,
				84B842B428ADBA4E004BEFD0 /* myListMovie_PucMinasUITests */,
				84B8429128ADBA49004BEFD0 /* Products */,
				C66649188D3FAE3D4192529C /* Pods */,
				D12E25C7A5A8CF88F3537D64 /* Frameworks */,
			);
			sourceTree = "<group>";
		};
		84B8429128ADBA49004BEFD0 /* Products */ = {
			isa = PBXGroup;
			children = (
				84B8429028ADBA49004BEFD0 /* myListMovie_PucMinas.app */,
				84B842A628ADBA4E004BEFD0 /* myListMovie_PucMinasTests.xctest */,
				84B842B128ADBA4E004BEFD0 /* myListMovie_PucMinasUITests.xctest */,
			);
			name = Products;
			sourceTree = "<group>";
		};
		84B8429228ADBA49004BEFD0 /* myListMovie_PucMinas */ = {
			isa = PBXGroup;
			children = (
				84B842DD28ADC417004BEFD0 /* Application */,
				84B842D628ADC355004BEFD0 /* Feactures */,
				84B842D528ADC335004BEFD0 /* Extensions */,
				84B842D428ADC2C8004BEFD0 /* Enums */,
				84B842D028ADC1B2004BEFD0 /* Api */,
				84B8429C28ADBA4E004BEFD0 /* Assets.xcassets */,
				84B842A128ADBA4E004BEFD0 /* Info.plist */,
			);
			path = myListMovie_PucMinas;
			sourceTree = "<group>";
		};
		84B842A928ADBA4E004BEFD0 /* myListMovie_PucMinasTests */ = {
			isa = PBXGroup;
			children = (
				8625AF8928BFFD5D00AABC63 /* Api */,
				8625AF8828BFFD4D00AABC63 /* Models */,
				8625AF8728BFFD1600AABC63 /* Extensions */,
				84B842AA28ADBA4E004BEFD0 /* myListMovie_PucMinasTests.swift */,
				84B842AC28ADBA4E004BEFD0 /* Info.plist */,
			);
			path = myListMovie_PucMinasTests;
			sourceTree = "<group>";
		};
		84B842B428ADBA4E004BEFD0 /* myListMovie_PucMinasUITests */ = {
			isa = PBXGroup;
			children = (
				84B842B528ADBA4E004BEFD0 /* myListMovie_PucMinasUITests.swift */,
				84B842B728ADBA4E004BEFD0 /* Info.plist */,
			);
			path = myListMovie_PucMinasUITests;
			sourceTree = "<group>";
		};
		84B842D028ADC1B2004BEFD0 /* Api */ = {
			isa = PBXGroup;
			children = (
				84B842D328ADC2B6004BEFD0 /* Services */,
				84B842D228ADC29C004BEFD0 /* Generatiors */,
				84B842D128ADC274004BEFD0 /* Configs */,
			);
			path = Api;
			sourceTree = "<group>";
		};
		84B842D128ADC274004BEFD0 /* Configs */ = {
			isa = PBXGroup;
			children = (
				84B842E428ADC5DD004BEFD0 /* ApiParams.swift */,
				84B842EE28ADD1C8004BEFD0 /* ApiConfiguration.json */,
				84B842F328ADD1F8004BEFD0 /* ApiConfiguration.swift */,
			);
			path = Configs;
			sourceTree = "<group>";
		};
		84B842D228ADC29C004BEFD0 /* Generatiors */ = {
			isa = PBXGroup;
			children = (
				84B842E928ADCF5E004BEFD0 /* HashGenerator.swift */,
			);
			path = Generatiors;
			sourceTree = "<group>";
		};
		84B842D328ADC2B6004BEFD0 /* Services */ = {
			isa = PBXGroup;
			children = (
				8422327128AEF7D50091804D /* MarvelService.swift */,
			);
			path = Services;
			sourceTree = "<group>";
		};
		84B842D428ADC2C8004BEFD0 /* Enums */ = {
			isa = PBXGroup;
			children = (
				8422328A28AF086A0091804D /* ThumbnailType.swift */,
			);
			path = Enums;
			sourceTree = "<group>";
		};
		84B842D528ADC335004BEFD0 /* Extensions */ = {
			isa = PBXGroup;
			children = (
				8422326428AEF6040091804D /* StringExtensions.swift */,
				8616C08128B939B70034D793 /* UIImageExtensions.swift */,
				8616C08228B939B70034D793 /* UIImageViewExtensions.swift */,
				8616C08028B939B70034D793 /* UIViewExtensions.swift */,
			);
			path = Extensions;
			sourceTree = "<group>";
		};
		84B842D628ADC355004BEFD0 /* Feactures */ = {
			isa = PBXGroup;
			children = (
				84B842D928ADC3B2004BEFD0 /* Views */,
				84B842D828ADC390004BEFD0 /* ViewModels */,
				84B842D728ADC382004BEFD0 /* Models */,
			);
			path = Feactures;
			sourceTree = "<group>";
		};
		84B842D728ADC382004BEFD0 /* Models */ = {
			isa = PBXGroup;
			children = (
				8422327628AEFA600091804D /* MarvelCharactersResult.swift */,
				8422327B28AEFB840091804D /* MarvelData.swift */,
				8422328028AEFC390091804D /* MarvelCharacter.swift */,
				8422328528AF01920091804D /* Thumbnail.swift */,
				8422328F28AF0BA00091804D /* Comics.swift */,
				8422329428AF0C3B0091804D /* Resource.swift */,
				8422329928AF0CE00091804D /* Series.swift */,
				8422329E28AF0D510091804D /* Stories.swift */,
				842232A328AF0E0D0091804D /* Events.swift */,
				842232A828AF0E5A0091804D /* MarvelUrl.swift */,
			);
			path = Models;
			sourceTree = "<group>";
		};
		84B842D828ADC390004BEFD0 /* ViewModels */ = {
			isa = PBXGroup;
			children = (
				842232AD28AF11010091804D /* ListaViewModel.swift */,
				842232B228AF12DA0091804D /* ListaCellViewModel.swift */,
				842232B728AF14F10091804D /* ListaDetailViewModel.swift */,
			);
			path = ViewModels;
			sourceTree = "<group>";
		};
		84B842D928ADC3B2004BEFD0 /* Views */ = {
			isa = PBXGroup;
			children = (
				84B842DC28ADC3F6004BEFD0 /* Controllers */,
				84B842DB28ADC3EA004BEFD0 /* Cells */,
				84B842DA28ADC3CD004BEFD0 /* Base.Iproj */,
			);
			path = Views;
			sourceTree = "<group>";
		};
		84B842DA28ADC3CD004BEFD0 /* Base.Iproj */ = {
			isa = PBXGroup;
			children = (
				8616C07C28B91E0A0034D793 /* LaunchScreen.storyboard */,
				8616C07D28B91E0B0034D793 /* Main.storyboard */,
			);
			path = Base.Iproj;
			sourceTree = "<group>";
		};
		84B842DB28ADC3EA004BEFD0 /* Cells */ = {
			isa = PBXGroup;
			children = (
				869E276328B6B413003B3ED9 /* ListaCollectionViewCell.swift */,
			);
			path = Cells;
			sourceTree = "<group>";
		};
		84B842DC28ADC3F6004BEFD0 /* Controllers */ = {
			isa = PBXGroup;
			children = (
				869E276928B80B01003B3ED9 /* ListaCollectionViewController.swift */,
				869E276828B80B01003B3ED9 /* ListaDetailViewController.swift */,
			);
			path = Controllers;
			sourceTree = "<group>";
		};
		84B842DD28ADC417004BEFD0 /* Application */ = {
			isa = PBXGroup;
			children = (
				84B8429328ADBA49004BEFD0 /* AppDelegate.swift */,
				84B8429528ADBA49004BEFD0 /* SceneDelegate.swift */,
			);
			path = Application;
			sourceTree = "<group>";
		};
		8625AF8728BFFD1600AABC63 /* Extensions */ = {
			isa = PBXGroup;
			children = (
				8625AF8B28BFFDE900AABC63 /* StringExtensionsTest.swift */,
				8625AF8D28C0010800AABC63 /* UIImageExtensionsTest.swift */,
				8625AF8F28C0014B00AABC63 /* UIViewExtensionsTest.swift */,
			);
			path = Extensions;
			sourceTree = "<group>";
		};
		8625AF8828BFFD4D00AABC63 /* Models */ = {
			isa = PBXGroup;
			children = (
				8625AF9128C0018900AABC63 /* MarvelCharacterTest.swift */,
				8625AF9328C001EA00AABC63 /* ThumbnailTest.swift */,
			);
			path = Models;
			sourceTree = "<group>";
		};
		8625AF8928BFFD5D00AABC63 /* Api */ = {
			isa = PBXGroup;
			children = (
				8625AF8A28BFFD7F00AABC63 /* Generators */,
			);
			path = Api;
			sourceTree = "<group>";
		};
		8625AF8A28BFFD7F00AABC63 /* Generators */ = {
			isa = PBXGroup;
			children = (
				8625AF9528C0022500AABC63 /* HashGeneratorTest.swift */,
			);
			path = Generators;
			sourceTree = "<group>";
		};
		C66649188D3FAE3D4192529C /* Pods */ = {
			isa = PBXGroup;
			children = (
				9B425AFE416A41E1909FD4E9 /* Pods-myListMovie_PucMinas.debug.xcconfig */,
				88FFA319AB583D510F137AA8 /* Pods-myListMovie_PucMinas.release.xcconfig */,
				FDFCE39FCA972A02E1206365 /* Pods-myListMovie_PucMinasTests.debug.xcconfig */,
				880A0F97934BDF7BB59E92C4 /* Pods-myListMovie_PucMinasTests.release.xcconfig */,
				A32EA1923E59DF7466DCB672 /* Pods-myListMovie_PucMinasUITests.debug.xcconfig */,
				19164D012C80ECFA43BFB32E /* Pods-myListMovie_PucMinasUITests.release.xcconfig */,
			);
			path = Pods;
			sourceTree = "<group>";
		};
		D12E25C7A5A8CF88F3537D64 /* Frameworks */ = {
			isa = PBXGroup;
			children = (
				023B156FBE52C12F7549A16A /* Pods_myListMovie_PucMinas.framework */,
				3B96AAD1DF051E1ECC5AE155 /* libPods-myListMovie_PucMinasTests.a */,
				84255448B1C007C7937685F5 /* libPods-myListMovie_PucMinasUITests.a */,
			);
			name = Frameworks;
			sourceTree = "<group>";
		};
/* End PBXGroup section */

/* Begin PBXNativeTarget section */
		84B8428F28ADBA49004BEFD0 /* myListMovie_PucMinas */ = {
			isa = PBXNativeTarget;
			buildConfigurationList = 84B842BA28ADBA4E004BEFD0 /* Build configuration list for PBXNativeTarget "myListMovie_PucMinas" */;
			buildPhases = (
				B0DE96802B26601318CFCB2A /* [CP] Check Pods Manifest.lock */,
				84B8428C28ADBA49004BEFD0 /* Sources */,
				84B8428D28ADBA49004BEFD0 /* Frameworks */,
				84B8428E28ADBA49004BEFD0 /* Resources */,
				7E86CA31163DBAC1DE581BDE /* [CP] Embed Pods Frameworks */,
			);
			buildRules = (
			);
			dependencies = (
			);
			name = myListMovie_PucMinas;
			productName = myListMovie_PucMinas;
			productReference = 84B8429028ADBA49004BEFD0 /* myListMovie_PucMinas.app */;
			productType = "com.apple.product-type.application";
		};
		84B842A528ADBA4E004BEFD0 /* myListMovie_PucMinasTests */ = {
			isa = PBXNativeTarget;
			buildConfigurationList = 84B842BD28ADBA4E004BEFD0 /* Build configuration list for PBXNativeTarget "myListMovie_PucMinasTests" */;
			buildPhases = (
				F06963CC2A41B8999D98949C /* [CP] Check Pods Manifest.lock */,
				84B842A228ADBA4E004BEFD0 /* Sources */,
				84B842A328ADBA4E004BEFD0 /* Frameworks */,
				84B842A428ADBA4E004BEFD0 /* Resources */,
			);
			buildRules = (
			);
			dependencies = (
				84B842A828ADBA4E004BEFD0 /* PBXTargetDependency */,
			);
			name = myListMovie_PucMinasTests;
			productName = myListMovie_PucMinasTests;
			productReference = 84B842A628ADBA4E004BEFD0 /* myListMovie_PucMinasTests.xctest */;
			productType = "com.apple.product-type.bundle.unit-test";
		};
		84B842B028ADBA4E004BEFD0 /* myListMovie_PucMinasUITests */ = {
			isa = PBXNativeTarget;
			buildConfigurationList = 84B842C028ADBA4E004BEFD0 /* Build configuration list for PBXNativeTarget "myListMovie_PucMinasUITests" */;
			buildPhases = (
				2B096CA37CC21A52E4A008E3 /* [CP] Check Pods Manifest.lock */,
				84B842AD28ADBA4E004BEFD0 /* Sources */,
				84B842AE28ADBA4E004BEFD0 /* Frameworks */,
				84B842AF28ADBA4E004BEFD0 /* Resources */,
			);
			buildRules = (
			);
			dependencies = (
				84B842B328ADBA4E004BEFD0 /* PBXTargetDependency */,
			);
			name = myListMovie_PucMinasUITests;
			productName = myListMovie_PucMinasUITests;
			productReference = 84B842B128ADBA4E004BEFD0 /* myListMovie_PucMinasUITests.xctest */;
			productType = "com.apple.product-type.bundle.ui-testing";
		};
/* End PBXNativeTarget section */

/* Begin PBXProject section */
		84B8428828ADBA49004BEFD0 /* Project object */ = {
			isa = PBXProject;
			attributes = {
				LastSwiftUpdateCheck = 1230;
				LastUpgradeCheck = 1230;
				TargetAttributes = {
					84B8428F28ADBA49004BEFD0 = {
						CreatedOnToolsVersion = 12.3;
					};
					84B842A528ADBA4E004BEFD0 = {
						CreatedOnToolsVersion = 12.3;
						TestTargetID = 84B8428F28ADBA49004BEFD0;
					};
					84B842B028ADBA4E004BEFD0 = {
						CreatedOnToolsVersion = 12.3;
						TestTargetID = 84B8428F28ADBA49004BEFD0;
					};
				};
			};
			buildConfigurationList = 84B8428B28ADBA49004BEFD0 /* Build configuration list for PBXProject "myListMovie_PucMinas" */;
			compatibilityVersion = "Xcode 9.3";
			developmentRegion = en;
			hasScannedForEncodings = 0;
			knownRegions = (
				en,
				Base,
			);
			mainGroup = 84B8428728ADBA49004BEFD0;
			productRefGroup = 84B8429128ADBA49004BEFD0 /* Products */;
			projectDirPath = "";
			projectRoot = "";
			targets = (
				84B8428F28ADBA49004BEFD0 /* myListMovie_PucMinas */,
				84B842A528ADBA4E004BEFD0 /* myListMovie_PucMinasTests */,
				84B842B028ADBA4E004BEFD0 /* myListMovie_PucMinasUITests */,
			);
		};
/* End PBXProject section */

/* Begin PBXResourcesBuildPhase section */
		84B8428E28ADBA49004BEFD0 /* Resources */ = {
			isa = PBXResourcesBuildPhase;
			buildActionMask = 2147483647;
			files = (
				8616C07E28B91E0B0034D793 /* LaunchScreen.storyboard in Resources */,
				84B8429D28ADBA4E004BEFD0 /* Assets.xcassets in Resources */,
				84B842EF28ADD1C8004BEFD0 /* ApiConfiguration.json in Resources */,
				8616C07F28B91E0B0034D793 /* Main.storyboard in Resources */,
			);
			runOnlyForDeploymentPostprocessing = 0;
		};
		84B842A428ADBA4E004BEFD0 /* Resources */ = {
			isa = PBXResourcesBuildPhase;
			buildActionMask = 2147483647;
			files = (
			);
			runOnlyForDeploymentPostprocessing = 0;
		};
		84B842AF28ADBA4E004BEFD0 /* Resources */ = {
			isa = PBXResourcesBuildPhase;
			buildActionMask = 2147483647;
			files = (
			);
			runOnlyForDeploymentPostprocessing = 0;
		};
/* End PBXResourcesBuildPhase section */

/* Begin PBXShellScriptBuildPhase section */
		2B096CA37CC21A52E4A008E3 /* [CP] Check Pods Manifest.lock */ = {
			isa = PBXShellScriptBuildPhase;
			buildActionMask = 2147483647;
			files = (
			);
			inputFileListPaths = (
			);
			inputPaths = (
				"${PODS_PODFILE_DIR_PATH}/Podfile.lock",
				"${PODS_ROOT}/Manifest.lock",
			);
			name = "[CP] Check Pods Manifest.lock";
			outputFileListPaths = (
			);
			outputPaths = (
				"$(DERIVED_FILE_DIR)/Pods-myListMovie_PucMinasUITests-checkManifestLockResult.txt",
			);
			runOnlyForDeploymentPostprocessing = 0;
			shellPath = /bin/sh;
			shellScript = "diff \"${PODS_PODFILE_DIR_PATH}/Podfile.lock\" \"${PODS_ROOT}/Manifest.lock\" > /dev/null\nif [ $? != 0 ] ; then\n    # print error to STDERR\n    echo \"error: The sandbox is not in sync with the Podfile.lock. Run 'pod install' or update your CocoaPods installation.\" >&2\n    exit 1\nfi\n# This output is used by Xcode 'outputs' to avoid re-running this script phase.\necho \"SUCCESS\" > \"${SCRIPT_OUTPUT_FILE_0}\"\n";
			showEnvVarsInLog = 0;
		};
		7E86CA31163DBAC1DE581BDE /* [CP] Embed Pods Frameworks */ = {
			isa = PBXShellScriptBuildPhase;
			buildActionMask = 2147483647;
			files = (
			);
			inputFileListPaths = (
				"${PODS_ROOT}/Target Support Files/Pods-myListMovie_PucMinas/Pods-myListMovie_PucMinas-frameworks-${CONFIGURATION}-input-files.xcfilelist",
			);
			name = "[CP] Embed Pods Frameworks";
			outputFileListPaths = (
				"${PODS_ROOT}/Target Support Files/Pods-myListMovie_PucMinas/Pods-myListMovie_PucMinas-frameworks-${CONFIGURATION}-output-files.xcfilelist",
			);
			runOnlyForDeploymentPostprocessing = 0;
			shellPath = /bin/sh;
			shellScript = "\"${PODS_ROOT}/Target Support Files/Pods-myListMovie_PucMinas/Pods-myListMovie_PucMinas-frameworks.sh\"\n";
			showEnvVarsInLog = 0;
		};
		B0DE96802B26601318CFCB2A /* [CP] Check Pods Manifest.lock */ = {
			isa = PBXShellScriptBuildPhase;
			buildActionMask = 2147483647;
			files = (
			);
			inputFileListPaths = (
			);
			inputPaths = (
				"${PODS_PODFILE_DIR_PATH}/Podfile.lock",
				"${PODS_ROOT}/Manifest.lock",
			);
			name = "[CP] Check Pods Manifest.lock";
			outputFileListPaths = (
			);
			outputPaths = (
				"$(DERIVED_FILE_DIR)/Pods-myListMovie_PucMinas-checkManifestLockResult.txt",
			);
			runOnlyForDeploymentPostprocessing = 0;
			shellPath = /bin/sh;
			shellScript = "diff \"${PODS_PODFILE_DIR_PATH}/Podfile.lock\" \"${PODS_ROOT}/Manifest.lock\" > /dev/null\nif [ $? != 0 ] ; then\n    # print error to STDERR\n    echo \"error: The sandbox is not in sync with the Podfile.lock. Run 'pod install' or update your CocoaPods installation.\" >&2\n    exit 1\nfi\n# This output is used by Xcode 'outputs' to avoid re-running this script phase.\necho \"SUCCESS\" > \"${SCRIPT_OUTPUT_FILE_0}\"\n";
			showEnvVarsInLog = 0;
		};
		F06963CC2A41B8999D98949C /* [CP] Check Pods Manifest.lock */ = {
			isa = PBXShellScriptBuildPhase;
			buildActionMask = 2147483647;
			files = (
			);
			inputFileListPaths = (
			);
			inputPaths = (
				"${PODS_PODFILE_DIR_PATH}/Podfile.lock",
				"${PODS_ROOT}/Manifest.lock",
			);
			name = "[CP] Check Pods Manifest.lock";
			outputFileListPaths = (
			);
			outputPaths = (
				"$(DERIVED_FILE_DIR)/Pods-myListMovie_PucMinasTests-checkManifestLockResult.txt",
			);
			runOnlyForDeploymentPostprocessing = 0;
			shellPath = /bin/sh;
			shellScript = "diff \"${PODS_PODFILE_DIR_PATH}/Podfile.lock\" \"${PODS_ROOT}/Manifest.lock\" > /dev/null\nif [ $? != 0 ] ; then\n    # print error to STDERR\n    echo \"error: The sandbox is not in sync with the Podfile.lock. Run 'pod install' or update your CocoaPods installation.\" >&2\n    exit 1\nfi\n# This output is used by Xcode 'outputs' to avoid re-running this script phase.\necho \"SUCCESS\" > \"${SCRIPT_OUTPUT_FILE_0}\"\n";
			showEnvVarsInLog = 0;
		};
/* End PBXShellScriptBuildPhase section */

/* Begin PBXSourcesBuildPhase section */
		84B8428C28ADBA49004BEFD0 /* Sources */ = {
			isa = PBXSourcesBuildPhase;
			buildActionMask = 2147483647;
			files = (
				842232A928AF0E5A0091804D /* MarvelUrl.swift in Sources */,
				84B842E528ADC5DD004BEFD0 /* ApiParams.swift in Sources */,
				8422328128AEFC390091804D /* MarvelCharacter.swift in Sources */,
				842232B328AF12DA0091804D /* ListaCellViewModel.swift in Sources */,
				8422329F28AF0D510091804D /* Stories.swift in Sources */,
				8616C08428B939B80034D793 /* UIImageExtensions.swift in Sources */,
				8422329A28AF0CE00091804D /* Series.swift in Sources */,
				8422328628AF01920091804D /* Thumbnail.swift in Sources */,
				8422329528AF0C3B0091804D /* Resource.swift in Sources */,
				842232A428AF0E0D0091804D /* Events.swift in Sources */,
				8422328B28AF086A0091804D /* ThumbnailType.swift in Sources */,
				869E276428B6B414003B3ED9 /* ListaCollectionViewCell.swift in Sources */,
				8422327C28AEFB840091804D /* MarvelData.swift in Sources */,
				8616C08528B939B80034D793 /* UIImageViewExtensions.swift in Sources */,
				8616C07B28B91CCA0034D793 /* ListaDetailViewController.swift in Sources */,
				84B842EA28ADCF5E004BEFD0 /* HashGenerator.swift in Sources */,
				8422329028AF0BA00091804D /* Comics.swift in Sources */,
				8422326528AEF6040091804D /* StringExtensions.swift in Sources */,
				84B8429428ADBA49004BEFD0 /* AppDelegate.swift in Sources */,
				84B8429628ADBA49004BEFD0 /* SceneDelegate.swift in Sources */,
				842232B828AF14F10091804D /* ListaDetailViewModel.swift in Sources */,
				842232AE28AF11010091804D /* ListaViewModel.swift in Sources */,
				869E276B28B80B01003B3ED9 /* ListaCollectionViewController.swift in Sources */,
				8616C08328B939B80034D793 /* UIViewExtensions.swift in Sources */,
				8422327728AEFA600091804D /* MarvelCharactersResult.swift in Sources */,
				8422327228AEF7D50091804D /* MarvelService.swift in Sources */,
				84B842F428ADD1F8004BEFD0 /* ApiConfiguration.swift in Sources */,
			);
			runOnlyForDeploymentPostprocessing = 0;
		};
		84B842A228ADBA4E004BEFD0 /* Sources */ = {
			isa = PBXSourcesBuildPhase;
			buildActionMask = 2147483647;
			files = (
				8625AF8E28C0010800AABC63 /* UIImageExtensionsTest.swift in Sources */,
				8625AF8C28BFFDE900AABC63 /* StringExtensionsTest.swift in Sources */,
				8625AF9428C001EA00AABC63 /* ThumbnailTest.swift in Sources */,
				8625AF9628C0022500AABC63 /* HashGeneratorTest.swift in Sources */,
				8625AF9028C0014B00AABC63 /* UIViewExtensionsTest.swift in Sources */,
				8625AF9228C0018900AABC63 /* MarvelCharacterTest.swift in Sources */,
				84B842AB28ADBA4E004BEFD0 /* myListMovie_PucMinasTests.swift in Sources */,
			);
			runOnlyForDeploymentPostprocessing = 0;
		};
		84B842AD28ADBA4E004BEFD0 /* Sources */ = {
			isa = PBXSourcesBuildPhase;
			buildActionMask = 2147483647;
			files = (
				84B842B628ADBA4E004BEFD0 /* myListMovie_PucMinasUITests.swift in Sources */,
			);
			runOnlyForDeploymentPostprocessing = 0;
		};
/* End PBXSourcesBuildPhase section */

/* Begin PBXTargetDependency section */
		84B842A828ADBA4E004BEFD0 /* PBXTargetDependency */ = {
			isa = PBXTargetDependency;
			target = 84B8428F28ADBA49004BEFD0 /* myListMovie_PucMinas */;
			targetProxy = 84B842A728ADBA4E004BEFD0 /* PBXContainerItemProxy */;
		};
		84B842B328ADBA4E004BEFD0 /* PBXTargetDependency */ = {
			isa = PBXTargetDependency;
			target = 84B8428F28ADBA49004BEFD0 /* myListMovie_PucMinas */;
			targetProxy = 84B842B228ADBA4E004BEFD0 /* PBXContainerItemProxy */;
		};
/* End PBXTargetDependency section */

/* Begin XCBuildConfiguration section */
		84B842B828ADBA4E004BEFD0 /* Debug */ = {
			isa = XCBuildConfiguration;
			buildSettings = {
				ALWAYS_SEARCH_USER_PATHS = NO;
				CLANG_ANALYZER_NONNULL = YES;
				CLANG_ANALYZER_NUMBER_OBJECT_CONVERSION = YES_AGGRESSIVE;
				CLANG_CXX_LANGUAGE_STANDARD = "gnu++14";
				CLANG_CXX_LIBRARY = "libc++";
				CLANG_ENABLE_MODULES = YES;
				CLANG_ENABLE_OBJC_ARC = YES;
				CLANG_ENABLE_OBJC_WEAK = YES;
				CLANG_WARN_BLOCK_CAPTURE_AUTORELEASING = YES;
				CLANG_WARN_BOOL_CONVERSION = YES;
				CLANG_WARN_COMMA = YES;
				CLANG_WARN_CONSTANT_CONVERSION = YES;
				CLANG_WARN_DEPRECATED_OBJC_IMPLEMENTATIONS = YES;
				CLANG_WARN_DIRECT_OBJC_ISA_USAGE = YES_ERROR;
				CLANG_WARN_DOCUMENTATION_COMMENTS = YES;
				CLANG_WARN_EMPTY_BODY = YES;
				CLANG_WARN_ENUM_CONVERSION = YES;
				CLANG_WARN_INFINITE_RECURSION = YES;
				CLANG_WARN_INT_CONVERSION = YES;
				CLANG_WARN_NON_LITERAL_NULL_CONVERSION = YES;
				CLANG_WARN_OBJC_IMPLICIT_RETAIN_SELF = YES;
				CLANG_WARN_OBJC_LITERAL_CONVERSION = YES;
				CLANG_WARN_OBJC_ROOT_CLASS = YES_ERROR;
				CLANG_WARN_QUOTED_INCLUDE_IN_FRAMEWORK_HEADER = YES;
				CLANG_WARN_RANGE_LOOP_ANALYSIS = YES;
				CLANG_WARN_STRICT_PROTOTYPES = YES;
				CLANG_WARN_SUSPICIOUS_MOVE = YES;
				CLANG_WARN_UNGUARDED_AVAILABILITY = YES_AGGRESSIVE;
				CLANG_WARN_UNREACHABLE_CODE = YES;
				CLANG_WARN__DUPLICATE_METHOD_MATCH = YES;
				COPY_PHASE_STRIP = NO;
				DEBUG_INFORMATION_FORMAT = dwarf;
				ENABLE_STRICT_OBJC_MSGSEND = YES;
				ENABLE_TESTABILITY = YES;
				GCC_C_LANGUAGE_STANDARD = gnu11;
				GCC_DYNAMIC_NO_PIC = NO;
				GCC_NO_COMMON_BLOCKS = YES;
				GCC_OPTIMIZATION_LEVEL = 0;
				GCC_PREPROCESSOR_DEFINITIONS = (
					"DEBUG=1",
					"$(inherited)",
				);
				GCC_WARN_64_TO_32_BIT_CONVERSION = YES;
				GCC_WARN_ABOUT_RETURN_TYPE = YES_ERROR;
				GCC_WARN_UNDECLARED_SELECTOR = YES;
				GCC_WARN_UNINITIALIZED_AUTOS = YES_AGGRESSIVE;
				GCC_WARN_UNUSED_FUNCTION = YES;
				GCC_WARN_UNUSED_VARIABLE = YES;
				IPHONEOS_DEPLOYMENT_TARGET = 14.3;
				MTL_ENABLE_DEBUG_INFO = INCLUDE_SOURCE;
				MTL_FAST_MATH = YES;
				ONLY_ACTIVE_ARCH = YES;
				SDKROOT = iphoneos;
				SWIFT_ACTIVE_COMPILATION_CONDITIONS = DEBUG;
				SWIFT_OPTIMIZATION_LEVEL = "-Onone";
			};
			name = Debug;
		};
		84B842B928ADBA4E004BEFD0 /* Release */ = {
			isa = XCBuildConfiguration;
			buildSettings = {
				ALWAYS_SEARCH_USER_PATHS = NO;
				CLANG_ANALYZER_NONNULL = YES;
				CLANG_ANALYZER_NUMBER_OBJECT_CONVERSION = YES_AGGRESSIVE;
				CLANG_CXX_LANGUAGE_STANDARD = "gnu++14";
				CLANG_CXX_LIBRARY = "libc++";
				CLANG_ENABLE_MODULES = YES;
				CLANG_ENABLE_OBJC_ARC = YES;
				CLANG_ENABLE_OBJC_WEAK = YES;
				CLANG_WARN_BLOCK_CAPTURE_AUTORELEASING = YES;
				CLANG_WARN_BOOL_CONVERSION = YES;
				CLANG_WARN_COMMA = YES;
				CLANG_WARN_CONSTANT_CONVERSION = YES;
				CLANG_WARN_DEPRECATED_OBJC_IMPLEMENTATIONS = YES;
				CLANG_WARN_DIRECT_OBJC_ISA_USAGE = YES_ERROR;
				CLANG_WARN_DOCUMENTATION_COMMENTS = YES;
				CLANG_WARN_EMPTY_BODY = YES;
				CLANG_WARN_ENUM_CONVERSION = YES;
				CLANG_WARN_INFINITE_RECURSION = YES;
				CLANG_WARN_INT_CONVERSION = YES;
				CLANG_WARN_NON_LITERAL_NULL_CONVERSION = YES;
				CLANG_WARN_OBJC_IMPLICIT_RETAIN_SELF = YES;
				CLANG_WARN_OBJC_LITERAL_CONVERSION = YES;
				CLANG_WARN_OBJC_ROOT_CLASS = YES_ERROR;
				CLANG_WARN_QUOTED_INCLUDE_IN_FRAMEWORK_HEADER = YES;
				CLANG_WARN_RANGE_LOOP_ANALYSIS = YES;
				CLANG_WARN_STRICT_PROTOTYPES = YES;
				CLANG_WARN_SUSPICIOUS_MOVE = YES;
				CLANG_WARN_UNGUARDED_AVAILABILITY = YES_AGGRESSIVE;
				CLANG_WARN_UNREACHABLE_CODE = YES;
				CLANG_WARN__DUPLICATE_METHOD_MATCH = YES;
				COPY_PHASE_STRIP = NO;
				DEBUG_INFORMATION_FORMAT = "dwarf-with-dsym";
				ENABLE_NS_ASSERTIONS = NO;
				ENABLE_STRICT_OBJC_MSGSEND = YES;
				GCC_C_LANGUAGE_STANDARD = gnu11;
				GCC_NO_COMMON_BLOCKS = YES;
				GCC_WARN_64_TO_32_BIT_CONVERSION = YES;
				GCC_WARN_ABOUT_RETURN_TYPE = YES_ERROR;
				GCC_WARN_UNDECLARED_SELECTOR = YES;
				GCC_WARN_UNINITIALIZED_AUTOS = YES_AGGRESSIVE;
				GCC_WARN_UNUSED_FUNCTION = YES;
				GCC_WARN_UNUSED_VARIABLE = YES;
				IPHONEOS_DEPLOYMENT_TARGET = 14.3;
				MTL_ENABLE_DEBUG_INFO = NO;
				MTL_FAST_MATH = YES;
				SDKROOT = iphoneos;
				SWIFT_COMPILATION_MODE = wholemodule;
				SWIFT_OPTIMIZATION_LEVEL = "-O";
				VALIDATE_PRODUCT = YES;
			};
			name = Release;
		};
		84B842BB28ADBA4E004BEFD0 /* Debug */ = {
			isa = XCBuildConfiguration;
			baseConfigurationReference = 9B425AFE416A41E1909FD4E9 /* Pods-myListMovie_PucMinas.debug.xcconfig */;
			buildSettings = {
				ASSETCATALOG_COMPILER_APPICON_NAME = AppIcon;
				ASSETCATALOG_COMPILER_GLOBAL_ACCENT_COLOR_NAME = AccentColor;
				CODE_SIGN_STYLE = Automatic;
				DEVELOPMENT_TEAM = NT9DGBC7L2;
				INFOPLIST_FILE = myListMovie_PucMinas/Info.plist;
				LD_RUNPATH_SEARCH_PATHS = (
					"$(inherited)",
					"@executable_path/Frameworks",
				);
				PRODUCT_BUNDLE_IDENTIFIER = "fernandopereira.myListMovie-PucMinas";
				PRODUCT_NAME = "$(TARGET_NAME)";
				SWIFT_VERSION = 5.0;
				TARGETED_DEVICE_FAMILY = "1,2";
			};
			name = Debug;
		};
		84B842BC28ADBA4E004BEFD0 /* Release */ = {
			isa = XCBuildConfiguration;
			baseConfigurationReference = 88FFA319AB583D510F137AA8 /* Pods-myListMovie_PucMinas.release.xcconfig */;
			buildSettings = {
				ASSETCATALOG_COMPILER_APPICON_NAME = AppIcon;
				ASSETCATALOG_COMPILER_GLOBAL_ACCENT_COLOR_NAME = AccentColor;
				CODE_SIGN_STYLE = Automatic;
				DEVELOPMENT_TEAM = NT9DGBC7L2;
				INFOPLIST_FILE = myListMovie_PucMinas/Info.plist;
				LD_RUNPATH_SEARCH_PATHS = (
					"$(inherited)",
					"@executable_path/Frameworks",
				);
				PRODUCT_BUNDLE_IDENTIFIER = "fernandopereira.myListMovie-PucMinas";
				PRODUCT_NAME = "$(TARGET_NAME)";
				SWIFT_VERSION = 5.0;
				TARGETED_DEVICE_FAMILY = "1,2";
			};
			name = Release;
		};
		84B842BE28ADBA4E004BEFD0 /* Debug */ = {
			isa = XCBuildConfiguration;
			baseConfigurationReference = FDFCE39FCA972A02E1206365 /* Pods-myListMovie_PucMinasTests.debug.xcconfig */;
			buildSettings = {
				ALWAYS_EMBED_SWIFT_STANDARD_LIBRARIES = YES;
				BUNDLE_LOADER = "$(TEST_HOST)";
				CODE_SIGN_STYLE = Automatic;
				DEVELOPMENT_TEAM = NT9DGBC7L2;
				INFOPLIST_FILE = myListMovie_PucMinasTests/Info.plist;
				IPHONEOS_DEPLOYMENT_TARGET = 14.3;
				LD_RUNPATH_SEARCH_PATHS = (
					"$(inherited)",
					"@executable_path/Frameworks",
					"@loader_path/Frameworks",
				);
				PRODUCT_BUNDLE_IDENTIFIER = "fernandopereira.myListMovie-PucMinasTests";
				PRODUCT_NAME = "$(TARGET_NAME)";
				SWIFT_VERSION = 5.0;
				TARGETED_DEVICE_FAMILY = "1,2";
				TEST_HOST = "$(BUILT_PRODUCTS_DIR)/myListMovie_PucMinas.app/myListMovie_PucMinas";
			};
			name = Debug;
		};
		84B842BF28ADBA4E004BEFD0 /* Release */ = {
			isa = XCBuildConfiguration;
			baseConfigurationReference = 880A0F97934BDF7BB59E92C4 /* Pods-myListMovie_PucMinasTests.release.xcconfig */;
			buildSettings = {
				ALWAYS_EMBED_SWIFT_STANDARD_LIBRARIES = YES;
				BUNDLE_LOADER = "$(TEST_HOST)";
				CODE_SIGN_STYLE = Automatic;
				DEVELOPMENT_TEAM = NT9DGBC7L2;
				INFOPLIST_FILE = myListMovie_PucMinasTests/Info.plist;
				IPHONEOS_DEPLOYMENT_TARGET = 14.3;
				LD_RUNPATH_SEARCH_PATHS = (
					"$(inherited)",
					"@executable_path/Frameworks",
					"@loader_path/Frameworks",
				);
				PRODUCT_BUNDLE_IDENTIFIER = "fernandopereira.myListMovie-PucMinasTests";
				PRODUCT_NAME = "$(TARGET_NAME)";
				SWIFT_VERSION = 5.0;
				TARGETED_DEVICE_FAMILY = "1,2";
				TEST_HOST = "$(BUILT_PRODUCTS_DIR)/myListMovie_PucMinas.app/myListMovie_PucMinas";
			};
			name = Release;
		};
		84B842C128ADBA4E004BEFD0 /* Debug */ = {
			isa = XCBuildConfiguration;
			baseConfigurationReference = A32EA1923E59DF7466DCB672 /* Pods-myListMovie_PucMinasUITests.debug.xcconfig */;
			buildSettings = {
				ALWAYS_EMBED_SWIFT_STANDARD_LIBRARIES = YES;
				CODE_SIGN_STYLE = Automatic;
				DEVELOPMENT_TEAM = NT9DGBC7L2;
				INFOPLIST_FILE = myListMovie_PucMinasUITests/Info.plist;
				LD_RUNPATH_SEARCH_PATHS = (
					"$(inherited)",
					"@executable_path/Frameworks",
					"@loader_path/Frameworks",
				);
				PRODUCT_BUNDLE_IDENTIFIER = "fernandopereira.myListMovie-PucMinasUITests";
				PRODUCT_NAME = "$(TARGET_NAME)";
				SWIFT_VERSION = 5.0;
				TARGETED_DEVICE_FAMILY = "1,2";
				TEST_TARGET_NAME = myListMovie_PucMinas;
			};
			name = Debug;
		};
		84B842C228ADBA4E004BEFD0 /* Release */ = {
			isa = XCBuildConfiguration;
			baseConfigurationReference = 19164D012C80ECFA43BFB32E /* Pods-myListMovie_PucMinasUITests.release.xcconfig */;
			buildSettings = {
				ALWAYS_EMBED_SWIFT_STANDARD_LIBRARIES = YES;
				CODE_SIGN_STYLE = Automatic;
				DEVELOPMENT_TEAM = NT9DGBC7L2;
				INFOPLIST_FILE = myListMovie_PucMinasUITests/Info.plist;
				LD_RUNPATH_SEARCH_PATHS = (
					"$(inherited)",
					"@executable_path/Frameworks",
					"@loader_path/Frameworks",
				);
				PRODUCT_BUNDLE_IDENTIFIER = "fernandopereira.myListMovie-PucMinasUITests";
				PRODUCT_NAME = "$(TARGET_NAME)";
				SWIFT_VERSION = 5.0;
				TARGETED_DEVICE_FAMILY = "1,2";
				TEST_TARGET_NAME = myListMovie_PucMinas;
			};
			name = Release;
		};
/* End XCBuildConfiguration section */

/* Begin XCConfigurationList section */
		84B8428B28ADBA49004BEFD0 /* Build configuration list for PBXProject "myListMovie_PucMinas" */ = {
			isa = XCConfigurationList;
			buildConfigurations = (
				84B842B828ADBA4E004BEFD0 /* Debug */,
				84B842B928ADBA4E004BEFD0 /* Release */,
			);
			defaultConfigurationIsVisible = 0;
			defaultConfigurationName = Release;
		};
		84B842BA28ADBA4E004BEFD0 /* Build configuration list for PBXNativeTarget "myListMovie_PucMinas" */ = {
			isa = XCConfigurationList;
			buildConfigurations = (
				84B842BB28ADBA4E004BEFD0 /* Debug */,
				84B842BC28ADBA4E004BEFD0 /* Release */,
			);
			defaultConfigurationIsVisible = 0;
			defaultConfigurationName = Release;
		};
		84B842BD28ADBA4E004BEFD0 /* Build configuration list for PBXNativeTarget "myListMovie_PucMinasTests" */ = {
			isa = XCConfigurationList;
			buildConfigurations = (
				84B842BE28ADBA4E004BEFD0 /* Debug */,
				84B842BF28ADBA4E004BEFD0 /* Release */,
			);
			defaultConfigurationIsVisible = 0;
			defaultConfigurationName = Release;
		};
		84B842C028ADBA4E004BEFD0 /* Build configuration list for PBXNativeTarget "myListMovie_PucMinasUITests" */ = {
			isa = XCConfigurationList;
			buildConfigurations = (
				84B842C128ADBA4E004BEFD0 /* Debug */,
				84B842C228ADBA4E004BEFD0 /* Release */,
			);
			defaultConfigurationIsVisible = 0;
			defaultConfigurationName = Release;
		};
/* End XCConfigurationList section */
	};
	rootObject = 84B8428828ADBA49004BEFD0 /* Project object */;
}
